PODS:
  - Gloss (1.2.4)
  - GRMustache.swift (2.0.0)
  - ResearchKit (1.4.1)
  - ResearchSuiteExtensions (0.5.0):
    - ResearchSuiteExtensions/Common (= 0.5.0)
    - ResearchSuiteExtensions/Core (= 0.5.0)
    - ResearchSuiteExtensions/RSTBSupport (= 0.5.0)
  - ResearchSuiteExtensions/Common (0.5.0):
    - ResearchKit (~> 1.4)
  - ResearchSuiteExtensions/Core (0.5.0):
    - ResearchKit (~> 1.4)
    - ResearchSuiteExtensions/Common
  - ResearchSuiteExtensions/RSTBSupport (0.5.0):
    - Gloss (~> 1)
    - GRMustache.swift (~> 2.0)
    - ResearchSuiteExtensions/Core
    - ResearchSuiteTaskBuilder (~> 0.4)
    - SwiftyMarkdown (~> 0.3)
  - ResearchSuiteTaskBuilder (0.9.0):
    - Gloss (~> 1.1)
    - ResearchKit (~> 1.3)
  - SwiftyMarkdown (0.5.0)

DEPENDENCIES:
  - ResearchKit (= 1.4.1)
  - ResearchSuiteExtensions (from `../`)

EXTERNAL SOURCES:
  ResearchSuiteExtensions:
    :path: ../

SPEC CHECKSUMS:
  Gloss: 4e036074610fdb993abcb958ebcd7332588e2333
  GRMustache.swift: 8a547c12bea16052071b2b540af83d770075f0eb
  ResearchKit: 3533ea3a2270e4ed7ff830e19755dc959fdfd430
  ResearchSuiteExtensions: 90c807e1009fd2abf0980ed36d5e47000cc89311
  ResearchSuiteTaskBuilder: d42b7d20a24c6da29b8585c97a694733c437322b
  SwiftyMarkdown: 6dfc24a82dcb4410d89d8fe3159182395ee0c988

PODFILE CHECKSUM: e2cf181263ec2957d8df60e24ba2f2fdd11bdfdf

COCOAPODS: 1.3.1
